
Microsoft Visual Studio Solution File, Format Version 12.00
# Visual Studio Version 16
VisualStudioVersion = 16.0.31129.286
MinimumVisualStudioVersion = 10.0.40219.1
Project("{FAE04EC0-301F-11D3-BF4B-00C04F79EFBC}") = "test_cap", "test_cap\test_cap.csproj", "{8FA0CD2C-BD3B-44D1-90E5-ABEBACCA3269}"
EndProject
Global
	GlobalSection(SolutionConfigurationPlatforms) = preSolution
		Debug|Any CPU = Debug|Any CPU
		Release|Any CPU = Release|Any CPU
	EndGlobalSection
	GlobalSection(ProjectConfigurationPlatforms) = postSolution
		{8FA0CD2C-BD3B-44D1-90E5-ABEBACCA3269}.Debug|Any CPU.ActiveCfg = Debug|Any CPU
		{8FA0CD2C-BD3B-44D1-90E5-ABEBACCA3269}.Debug|Any CPU.Build.0 = Debug|Any CPU
		{8FA0CD2C-BD3B-44D1-90E5-ABEBACCA3269}.Release|Any CPU.ActiveCfg = Release|Any CPU
		{8FA0CD2C-BD3B-44D1-90E5-ABEBACCA3269}.Release|Any CPU.Build.0 = Release|Any CPU
	EndGlobalSection
	GlobalSection(SolutionProperties) = preSolution
		HideSolutionNode = FALSE
	EndGlobalSection
	GlobalSection(ExtensibilityGlobals) = postSolution
		SolutionGuid = {F46642C3-F95F-4168-86B4-24366353EF60}
	EndGlobalSection
EndGlobal
